
Microsoft Visual Studio Solution File, Format Version 12.00
# Visual Studio Version 17
VisualStudioVersion = 17.5.002.0
MinimumVisualStudioVersion = 10.0.40219.1
Project("{9A19103F-16F7-4668-BE54-9A1E7A4F7556}") = "WebBrowser", "WebBrowser.csproj", "{D32EB11F-CBB6-4D85-B790-8FBDFC65E6C5}"
EndProject
Global
	GlobalSection(SolutionConfigurationPlatforms) = preSolution
		Debug|Any CPU = Debug|Any CPU
		Release|Any CPU = Release|Any CPU
	EndGlobalSection
	GlobalSection(ProjectConfigurationPlatforms) = postSolution
		{D32EB11F-CBB6-4D85-B790-8FBDFC65E6C5}.Debug|Any CPU.ActiveCfg = Debug|Any CPU
		{D32EB11F-CBB6-4D85-B790-8FBDFC65E6C5}.Debug|Any CPU.Build.0 = Debug|Any CPU
		{D32EB11F-CBB6-4D85-B790-8FBDFC65E6C5}.Release|Any CPU.ActiveCfg = Release|Any CPU
		{D32EB11F-CBB6-4D85-B790-8FBDFC65E6C5}.Release|Any CPU.Build.0 = Release|Any CPU
	EndGlobalSection
	GlobalSection(SolutionProperties) = preSolution
		HideSolutionNode = FALSE
	EndGlobalSection
	GlobalSection(ExtensibilityGlobals) = postSolution
		SolutionGuid = {F71CDC71-9B41-4A0F-B370-5FFA32F3FEA4}
	EndGlobalSection
EndGlobal
